// !$*UTF8*$!
{
	archiveVersion = 1;
	classes = {
	};
	objectVersion = 50;
	objects = {

/* Begin PBXBuildFile section */
		D581E7D322E0E922001929B8 /* Icons.xcassets in Resources */ = {isa = PBXBuildFile; fileRef = D581E7D222E0E922001929B8 /* Icons.xcassets */; };
		D5A4305222CA452300B3135C /* Task.swift in Sources */ = {isa = PBXBuildFile; fileRef = D5A4305122CA452300B3135C /* Task.swift */; };
		D5C0325522DCFF480062AFE3 /* FavoritesController.swift in Sources */ = {isa = PBXBuildFile; fileRef = D5C0325422DCFF480062AFE3 /* FavoritesController.swift */; };
		D5CC730222C12C1C00D5E82D /* AppDelegate.swift in Sources */ = {isa = PBXBuildFile; fileRef = D5CC730122C12C1C00D5E82D /* AppDelegate.swift */; };
		D5CC730422C12C1C00D5E82D /* ViewController.swift in Sources */ = {isa = PBXBuildFile; fileRef = D5CC730322C12C1C00D5E82D /* ViewController.swift */; };
		D5CC730722C12C1C00D5E82D /* Main.storyboard in Resources */ = {isa = PBXBuildFile; fileRef = D5CC730522C12C1C00D5E82D /* Main.storyboard */; };
		D5CC730922C12C1D00D5E82D /* Assets.xcassets in Resources */ = {isa = PBXBuildFile; fileRef = D5CC730822C12C1D00D5E82D /* Assets.xcassets */; };
		D5CC730C22C12C1D00D5E82D /* LaunchScreen.storyboard in Resources */ = {isa = PBXBuildFile; fileRef = D5CC730A22C12C1D00D5E82D /* LaunchScreen.storyboard */; };
		D5D72BBD22CE7E6E00D3D73B /* HomeTableViewController.swift in Sources */ = {isa = PBXBuildFile; fileRef = D5D72BBC22CE7E6E00D3D73B /* HomeTableViewController.swift */; };
/* End PBXBuildFile section */

/* Begin PBXFileReference section */
		D581E7D222E0E922001929B8 /* Icons.xcassets */ = {isa = PBXFileReference; lastKnownFileType = folder.assetcatalog; path = Icons.xcassets; sourceTree = "<group>"; };
		D5A4305122CA452300B3135C /* Task.swift */ = {isa = PBXFileReference; lastKnownFileType = sourcecode.swift; path = Task.swift; sourceTree = "<group>"; };
		D5C0325422DCFF480062AFE3 /* FavoritesController.swift */ = {isa = PBXFileReference; lastKnownFileType = sourcecode.swift; path = FavoritesController.swift; sourceTree = "<group>"; };
		D5CC72FE22C12C1C00D5E82D /* MyTask.app */ = {isa = PBXFileReference; explicitFileType = wrapper.application; includeInIndex = 0; path = MyTask.app; sourceTree = BUILT_PRODUCTS_DIR; };
		D5CC730122C12C1C00D5E82D /* AppDelegate.swift */ = {isa = PBXFileReference; lastKnownFileType = sourcecode.swift; path = AppDelegate.swift; sourceTree = "<group>"; };
		D5CC730322C12C1C00D5E82D /* ViewController.swift */ = {isa = PBXFileReference; lastKnownFileType = sourcecode.swift; path = ViewController.swift; sourceTree = "<group>"; };
		D5CC730622C12C1C00D5E82D /* Base */ = {isa = PBXFileReference; lastKnownFileType = file.storyboard; name = Base; path = Base.lproj/Main.storyboard; sourceTree = "<group>"; };
		D5CC730822C12C1D00D5E82D /* Assets.xcassets */ = {isa = PBXFileReference; lastKnownFileType = folder.assetcatalog; path = Assets.xcassets; sourceTree = "<group>"; };
		D5CC730B22C12C1D00D5E82D /* Base */ = {isa = PBXFileReference; lastKnownFileType = file.storyboard; name = Base; path = Base.lproj/LaunchScreen.storyboard; sourceTree = "<group>"; };
		D5CC730D22C12C1D00D5E82D /* Info.plist */ = {isa = PBXFileReference; lastKnownFileType = text.plist.xml; path = Info.plist; sourceTree = "<group>"; };
		D5D72BBC22CE7E6E00D3D73B /* HomeTableViewController.swift */ = {isa = PBXFileReference; lastKnownFileType = sourcecode.swift; path = HomeTableViewController.swift; sourceTree = "<group>"; };
/* End PBXFileReference section */

/* Begin PBXFrameworksBuildPhase section */
		D5CC72FB22C12C1C00D5E82D /* Frameworks */ = {
			isa = PBXFrameworksBuildPhase;
			buildActionMask = 2147483647;
			files = (
			);
			runOnlyForDeploymentPostprocessing = 0;
		};
/* End PBXFrameworksBuildPhase section */

/* Begin PBXGroup section */
		D5CC72F522C12C1C00D5E82D = {
			isa = PBXGroup;
			children = (
				D5CC730022C12C1C00D5E82D /* MyTask */,
				D5CC72FF22C12C1C00D5E82D /* Products */,
			);
			sourceTree = "<group>";
		};
		D5CC72FF22C12C1C00D5E82D /* Products */ = {
			isa = PBXGroup;
			children = (
				D5CC72FE22C12C1C00D5E82D /* MyTask.app */,
			);
			name = Products;
			sourceTree = "<group>";
		};
		D5CC730022C12C1C00D5E82D /* MyTask */ = {
			isa = PBXGroup;
			children = (
				D5CC730122C12C1C00D5E82D /* AppDelegate.swift */,
				D5CC730322C12C1C00D5E82D /* ViewController.swift */,
				D5CC730522C12C1C00D5E82D /* Main.storyboard */,
				D5CC730822C12C1D00D5E82D /* Assets.xcassets */,
				D581E7D222E0E922001929B8 /* Icons.xcassets */,
				D5CC730A22C12C1D00D5E82D /* LaunchScreen.storyboard */,
				D5CC730D22C12C1D00D5E82D /* Info.plist */,
				D5A4305122CA452300B3135C /* Task.swift */,
				D5D72BBC22CE7E6E00D3D73B /* HomeTableViewController.swift */,
				D5C0325422DCFF480062AFE3 /* FavoritesController.swift */,
			);
			path = MyTask;
			sourceTree = "<group>";
		};
/* End PBXGroup section */

/* Begin PBXNativeTarget section */
		D5CC72FD22C12C1C00D5E82D /* MyTask */ = {
			isa = PBXNativeTarget;
			buildConfigurationList = D5CC731022C12C1D00D5E82D /* Build configuration list for PBXNativeTarget "MyTask" */;
			buildPhases = (
				D5CC72FA22C12C1C00D5E82D /* Sources */,
				D5CC72FB22C12C1C00D5E82D /* Frameworks */,
				D5CC72FC22C12C1C00D5E82D /* Resources */,
			);
			buildRules = (
			);
			dependencies = (
			);
			name = MyTask;
			productName = MyTask;
			productReference = D5CC72FE22C12C1C00D5E82D /* MyTask.app */;
			productType = "com.apple.product-type.application";
		};
/* End PBXNativeTarget section */

/* Begin PBXProject section */
		D5CC72F622C12C1C00D5E82D /* Project object */ = {
			isa = PBXProject;
			attributes = {
				LastSwiftUpdateCheck = 1010;
				LastUpgradeCheck = 1010;
				ORGANIZATIONNAME = "Johnny Do Amaral Ribeiro";
				TargetAttributes = {
					D5CC72FD22C12C1C00D5E82D = {
						CreatedOnToolsVersion = 10.1;
					};
				};
			};
			buildConfigurationList = D5CC72F922C12C1C00D5E82D /* Build configuration list for PBXProject "MyTask" */;
			compatibilityVersion = "Xcode 9.3";
			developmentRegion = en;
			hasScannedForEncodings = 0;
			knownRegions = (
				en,
				Base,
			);
			mainGroup = D5CC72F522C12C1C00D5E82D;
			productRefGroup = D5CC72FF22C12C1C00D5E82D /* Products */;
			projectDirPath = "";
			projectRoot = "";
			targets = (
				D5CC72FD22C12C1C00D5E82D /* MyTask */,
			);
		};
/* End PBXProject section */

/* Begin PBXResourcesBuildPhase section */
		D5CC72FC22C12C1C00D5E82D /* Resources */ = {
			isa = PBXResourcesBuildPhase;
			buildActionMask = 2147483647;
			files = (
				D5CC730C22C12C1D00D5E82D /* LaunchScreen.storyboard in Resources */,
				D5CC730922C12C1D00D5E82D /* Assets.xcassets in Resources */,
				D581E7D322E0E922001929B8 /* Icons.xcassets in Resources */,
				D5CC730722C12C1C00D5E82D /* Main.storyboard in Resources */,
			);
			runOnlyForDeploymentPostprocessing = 0;
		};
/* End PBXResourcesBuildPhase section */

/* Begin PBXSourcesBuildPhase section */
		D5CC72FA22C12C1C00D5E82D /* Sources */ = {
			isa = PBXSourcesBuildPhase;
			buildActionMask = 2147483647;
			files = (
				D5D72BBD22CE7E6E00D3D73B /* HomeTableViewController.swift in Sources */,
				D5CC730422C12C1C00D5E82D /* ViewController.swift in Sources */,
				D5C0325522DCFF480062AFE3 /* FavoritesController.swift in Sources */,
				D5A4305222CA452300B3135C /* Task.swift in Sources */,
				D5CC730222C12C1C00D5E82D /* AppDelegate.swift in Sources */,
			);
			runOnlyForDeploymentPostprocessing = 0;
		};
/* End PBXSourcesBuildPhase section */

/* Begin PBXVariantGroup section */
		D5CC730522C12C1C00D5E82D /* Main.storyboard */ = {
			isa = PBXVariantGroup;
			children = (
				D5CC730622C12C1C00D5E82D /* Base */,
			);
			name = Main.storyboard;
			sourceTree = "<group>";
		};
		D5CC730A22C12C1D00D5E82D /* LaunchScreen.storyboard */ = {
			isa = PBXVariantGroup;
			children = (
				D5CC730B22C12C1D00D5E82D /* Base */,
			);
			name = LaunchScreen.storyboard;
			sourceTree = "<group>";
		};
/* End PBXVariantGroup section */

/* Begin XCBuildConfiguration section */
		D5CC730E22C12C1D00D5E82D /* Debug */ = {
			isa = XCBuildConfiguration;
			buildSettings = {
				ALWAYS_SEARCH_USER_PATHS = NO;
				CLANG_ANALYZER_NONNULL = YES;
				CLANG_ANALYZER_NUMBER_OBJECT_CONVERSION = YES_AGGRESSIVE;
				CLANG_CXX_LANGUAGE_STANDARD = "gnu++14";
				CLANG_CXX_LIBRARY = "libc++";
				CLANG_ENABLE_MODULES = YES;
				CLANG_ENABLE_OBJC_ARC = YES;
				CLANG_ENABLE_OBJC_WEAK = YES;
				CLANG_WARN_BLOCK_CAPTURE_AUTORELEASING = YES;
				CLANG_WARN_BOOL_CONVERSION = YES;
				CLANG_WARN_COMMA = YES;
				CLANG_WARN_CONSTANT_CONVERSION = YES;
				CLANG_WARN_DEPRECATED_OBJC_IMPLEMENTATIONS = YES;
				CLANG_WARN_DIRECT_OBJC_ISA_USAGE = YES_ERROR;
				CLANG_WARN_DOCUMENTATION_COMMENTS = YES;
				CLANG_WARN_EMPTY_BODY = YES;
				CLANG_WARN_ENUM_CONVERSION = YES;
				CLANG_WARN_INFINITE_RECURSION = YES;
				CLANG_WARN_INT_CONVERSION = YES;
				CLANG_WARN_NON_LITERAL_NULL_CONVERSION = YES;
				CLANG_WARN_OBJC_IMPLICIT_RETAIN_SELF = YES;
				CLANG_WARN_OBJC_LITERAL_CONVERSION = YES;
				CLANG_WARN_OBJC_ROOT_CLASS = YES_ERROR;
				CLANG_WARN_RANGE_LOOP_ANALYSIS = YES;
				CLANG_WARN_STRICT_PROTOTYPES = YES;
				CLANG_WARN_SUSPICIOUS_MOVE = YES;
				CLANG_WARN_UNGUARDED_AVAILABILITY = YES_AGGRESSIVE;
				CLANG_WARN_UNREACHABLE_CODE = YES;
				CLANG_WARN__DUPLICATE_METHOD_MATCH = YES;
				CODE_SIGN_IDENTITY = "iPhone Developer";
				COPY_PHASE_STRIP = NO;
				DEBUG_INFORMATION_FORMAT = dwarf;
				ENABLE_STRICT_OBJC_MSGSEND = YES;
				ENABLE_TESTABILITY = YES;
				GCC_C_LANGUAGE_STANDARD = gnu11;
				GCC_DYNAMIC_NO_PIC = NO;
				GCC_NO_COMMON_BLOCKS = YES;
				GCC_OPTIMIZATION_LEVEL = 0;
				GCC_PREPROCESSOR_DEFINITIONS = (
					"DEBUG=1",
					"$(inherited)",
				);
				GCC_WARN_64_TO_32_BIT_CONVERSION = YES;
				GCC_WARN_ABOUT_RETURN_TYPE = YES_ERROR;
				GCC_WARN_UNDECLARED_SELECTOR = YES;
				GCC_WARN_UNINITIALIZED_AUTOS = YES_AGGRESSIVE;
				GCC_WARN_UNUSED_FUNCTION = YES;
				GCC_WARN_UNUSED_VARIABLE = YES;
				IPHONEOS_DEPLOYMENT_TARGET = 12.1;
				MTL_ENABLE_DEBUG_INFO = INCLUDE_SOURCE;
				MTL_FAST_MATH = YES;
				ONLY_ACTIVE_ARCH = YES;
				SDKROOT = iphoneos;
				SWIFT_ACTIVE_COMPILATION_CONDITIONS = DEBUG;
				SWIFT_OPTIMIZATION_LEVEL = "-Onone";
			};
			name = Debug;
		};
		D5CC730F22C12C1D00D5E82D /* Release */ = {
			isa = XCBuildConfiguration;
			buildSettings = {
				ALWAYS_SEARCH_USER_PATHS = NO;
				CLANG_ANALYZER_NONNULL = YES;
				CLANG_ANALYZER_NUMBER_OBJECT_CONVERSION = YES_AGGRESSIVE;
				CLANG_CXX_LANGUAGE_STANDARD = "gnu++14";
				CLANG_CXX_LIBRARY = "libc++";
				CLANG_ENABLE_MODULES = YES;
				CLANG_ENABLE_OBJC_ARC = YES;
				CLANG_ENABLE_OBJC_WEAK = YES;
				CLANG_WARN_BLOCK_CAPTURE_AUTORELEASING = YES;
				CLANG_WARN_BOOL_CONVERSION = YES;
				CLANG_WARN_COMMA = YES;
				CLANG_WARN_CONSTANT_CONVERSION = YES;
				CLANG_WARN_DEPRECATED_OBJC_IMPLEMENTATIONS = YES;
				CLANG_WARN_DIRECT_OBJC_ISA_USAGE = YES_ERROR;
				CLANG_WARN_DOCUMENTATION_COMMENTS = YES;
				CLANG_WARN_EMPTY_BODY = YES;
				CLANG_WARN_ENUM_CONVERSION = YES;
				CLANG_WARN_INFINITE_RECURSION = YES;
				CLANG_WARN_INT_CONVERSION = YES;
				CLANG_WARN_NON_LITERAL_NULL_CONVERSION = YES;
				CLANG_WARN_OBJC_IMPLICIT_RETAIN_SELF = YES;
				CLANG_WARN_OBJC_LITERAL_CONVERSION = YES;
				CLANG_WARN_OBJC_ROOT_CLASS = YES_ERROR;
				CLANG_WARN_RANGE_LOOP_ANALYSIS = YES;
				CLANG_WARN_STRICT_PROTOTYPES = YES;
				CLANG_WARN_SUSPICIOUS_MOVE = YES;
				CLANG_WARN_UNGUARDED_AVAILABILITY = YES_AGGRESSIVE;
				CLANG_WARN_UNREACHABLE_CODE = YES;
				CLANG_WARN__DUPLICATE_METHOD_MATCH = YES;
				CODE_SIGN_IDENTITY = "iPhone Developer";
				COPY_PHASE_STRIP = NO;
				DEBUG_INFORMATION_FORMAT = "dwarf-with-dsym";
				ENABLE_NS_ASSERTIONS = NO;
				ENABLE_STRICT_OBJC_MSGSEND = YES;
				GCC_C_LANGUAGE_STANDARD = gnu11;
				GCC_NO_COMMON_BLOCKS = YES;
				GCC_WARN_64_TO_32_BIT_CONVERSION = YES;
				GCC_WARN_ABOUT_RETURN_TYPE = YES_ERROR;
				GCC_WARN_UNDECLARED_SELECTOR = YES;
				GCC_WARN_UNINITIALIZED_AUTOS = YES_AGGRESSIVE;
				GCC_WARN_UNUSED_FUNCTION = YES;
				GCC_WARN_UNUSED_VARIABLE = YES;
				IPHONEOS_DEPLOYMENT_TARGET = 12.1;
				MTL_ENABLE_DEBUG_INFO = NO;
				MTL_FAST_MATH = YES;
				SDKROOT = iphoneos;
				SWIFT_COMPILATION_MODE = wholemodule;
				SWIFT_OPTIMIZATION_LEVEL = "-O";
				VALIDATE_PRODUCT = YES;
			};
			name = Release;
		};
		D5CC731122C12C1D00D5E82D /* Debug */ = {
			isa = XCBuildConfiguration;
			buildSettings = {
				ASSETCATALOG_COMPILER_APPICON_NAME = AppIcon;
				CODE_SIGN_STYLE = Automatic;
				DEVELOPMENT_TEAM = XTJZXXVG26;
				INFOPLIST_FILE = MyTask/Info.plist;
				LD_RUNPATH_SEARCH_PATHS = (
					"$(inherited)",
					"@executable_path/Frameworks",
				);
				PRODUCT_BUNDLE_IDENTIFIER = com.johnny.MyTask;
				PRODUCT_NAME = "$(TARGET_NAME)";
				SWIFT_VERSION = 4.2;
				TARGETED_DEVICE_FAMILY = "1,2";
			};
			name = Debug;
		};
		D5CC731222C12C1D00D5E82D /* Release */ = {
			isa = XCBuildConfiguration;
			buildSettings = {
				ASSETCATALOG_COMPILER_APPICON_NAME = AppIcon;
				CODE_SIGN_STYLE = Automatic;
				DEVELOPMENT_TEAM = XTJZXXVG26;
				INFOPLIST_FILE = MyTask/Info.plist;
				LD_RUNPATH_SEARCH_PATHS = (
					"$(inherited)",
					"@executable_path/Frameworks",
				);
				PRODUCT_BUNDLE_IDENTIFIER = com.johnny.MyTask;
				PRODUCT_NAME = "$(TARGET_NAME)";
				SWIFT_VERSION = 4.2;
				TARGETED_DEVICE_FAMILY = "1,2";
			};
			name = Release;
		};
/* End XCBuildConfiguration section */

/* Begin XCConfigurationList section */
		D5CC72F922C12C1C00D5E82D /* Build configuration list for PBXProject "MyTask" */ = {
			isa = XCConfigurationList;
			buildConfigurations = (
				D5CC730E22C12C1D00D5E82D /* Debug */,
				D5CC730F22C12C1D00D5E82D /* Release */,
			);
			defaultConfigurationIsVisible = 0;
			defaultConfigurationName = Release;
		};
		D5CC731022C12C1D00D5E82D /* Build configuration list for PBXNativeTarget "MyTask" */ = {
			isa = XCConfigurationList;
			buildConfigurations = (
				D5CC731122C12C1D00D5E82D /* Debug */,
				D5CC731222C12C1D00D5E82D /* Release */,
			);
			defaultConfigurationIsVisible = 0;
			defaultConfigurationName = Release;
		};
/* End XCConfigurationList section */
	};
	rootObject = D5CC72F622C12C1C00D5E82D /* Project object */;
}
